
Microsoft Visual Studio Solution File, Format Version 12.00
# Visual Studio Version 17
VisualStudioVersion = 17.2.32616.157
MinimumVisualStudioVersion = 10.0.40219.1
Project("{FAE04EC0-301F-11D3-BF4B-00C04F79EFBC}") = "exercicio4_djalma", "exercicio4_djalma\exercicio4_djalma.csproj", "{4708B7B6-344F-4431-8337-AB443A260863}"
EndProject
Global
	GlobalSection(SolutionConfigurationPlatforms) = preSolution
		Debug|Any CPU = Debug|Any CPU
		Release|Any CPU = Release|Any CPU
	EndGlobalSection
	GlobalSection(ProjectConfigurationPlatforms) = postSolution
		{4708B7B6-344F-4431-8337-AB443A260863}.Debug|Any CPU.ActiveCfg = Debug|Any CPU
		{4708B7B6-344F-4431-8337-AB443A260863}.Debug|Any CPU.Build.0 = Debug|Any CPU
		{4708B7B6-344F-4431-8337-AB443A260863}.Release|Any CPU.ActiveCfg = Release|Any CPU
		{4708B7B6-344F-4431-8337-AB443A260863}.Release|Any CPU.Build.0 = Release|Any CPU
	EndGlobalSection
	GlobalSection(SolutionProperties) = preSolution
		HideSolutionNode = FALSE
	EndGlobalSection
	GlobalSection(ExtensibilityGlobals) = postSolution
		SolutionGuid = {B9CB00FB-F1AA-4311-890A-94FB105CB467}
	EndGlobalSection
EndGlobal
